
Microsoft Visual Studio Solution File, Format Version 12.00
# Visual Studio Version 17
VisualStudioVersion = 17.0.31903.59
MinimumVisualStudioVersion = 10.0.40219.1
Project("{FAE04EC0-301F-11D3-BF4B-00C04F79EFBC}") = "dotnetapp", "dotnetapp.csproj", "{2D461ECB-C790-40F1-B753-00A446855537}"
EndProject
Project("{FAE04EC0-301F-11D3-BF4B-00C04F79EFBC}") = "TestProject", "..\TestProject\TestProject.csproj", "{02D27C15-C6A0-49BB-B0D3-3FA9F9558C95}"
EndProject
Global
	GlobalSection(SolutionConfigurationPlatforms) = preSolution
		Debug|Any CPU = Debug|Any CPU
		Release|Any CPU = Release|Any CPU
	EndGlobalSection
	GlobalSection(SolutionProperties) = preSolution
		HideSolutionNode = FALSE
	EndGlobalSection
	GlobalSection(ProjectConfigurationPlatforms) = postSolution
		{2D461ECB-C790-40F1-B753-00A446855537}.Debug|Any CPU.ActiveCfg = Debug|Any CPU
		{2D461ECB-C790-40F1-B753-00A446855537}.Debug|Any CPU.Build.0 = Debug|Any CPU
		{2D461ECB-C790-40F1-B753-00A446855537}.Release|Any CPU.ActiveCfg = Release|Any CPU
		{2D461ECB-C790-40F1-B753-00A446855537}.Release|Any CPU.Build.0 = Release|Any CPU
		{02D27C15-C6A0-49BB-B0D3-3FA9F9558C95}.Debug|Any CPU.ActiveCfg = Debug|Any CPU
		{02D27C15-C6A0-49BB-B0D3-3FA9F9558C95}.Debug|Any CPU.Build.0 = Debug|Any CPU
		{02D27C15-C6A0-49BB-B0D3-3FA9F9558C95}.Release|Any CPU.ActiveCfg = Release|Any CPU
		{02D27C15-C6A0-49BB-B0D3-3FA9F9558C95}.Release|Any CPU.Build.0 = Release|Any CPU
	EndGlobalSection
EndGlobal
